
Microsoft Visual Studio Solution File, Format Version 12.00
# Visual Studio 15
VisualStudioVersion = 15.0.28307.329
MinimumVisualStudioVersion = 10.0.40219.1
Project("{FAE04EC0-301F-11D3-BF4B-00C04F79EFBC}") = "AkshayAssignment", "AkshayAssignment\AkshayAssignment.csproj", "{378AFCF7-B56A-4C10-A91B-DEC90CB646FF}"
EndProject
Project("{FAE04EC0-301F-11D3-BF4B-00C04F79EFBC}") = "TestAnalyseMethod", "TestAnalyseMethod\TestAnalyseMethod.csproj", "{929D3921-99D3-466C-B657-10B6EFC3F4B4}"
EndProject
Global
	GlobalSection(SolutionConfigurationPlatforms) = preSolution
		Debug|Any CPU = Debug|Any CPU
		Release|Any CPU = Release|Any CPU
	EndGlobalSection
	GlobalSection(ProjectConfigurationPlatforms) = postSolution
		{378AFCF7-B56A-4C10-A91B-DEC90CB646FF}.Debug|Any CPU.ActiveCfg = Debug|Any CPU
		{378AFCF7-B56A-4C10-A91B-DEC90CB646FF}.Debug|Any CPU.Build.0 = Debug|Any CPU
		{378AFCF7-B56A-4C10-A91B-DEC90CB646FF}.Release|Any CPU.ActiveCfg = Release|Any CPU
		{378AFCF7-B56A-4C10-A91B-DEC90CB646FF}.Release|Any CPU.Build.0 = Release|Any CPU
		{929D3921-99D3-466C-B657-10B6EFC3F4B4}.Debug|Any CPU.ActiveCfg = Debug|Any CPU
		{929D3921-99D3-466C-B657-10B6EFC3F4B4}.Debug|Any CPU.Build.0 = Debug|Any CPU
		{929D3921-99D3-466C-B657-10B6EFC3F4B4}.Release|Any CPU.ActiveCfg = Release|Any CPU
		{929D3921-99D3-466C-B657-10B6EFC3F4B4}.Release|Any CPU.Build.0 = Release|Any CPU
	EndGlobalSection
	GlobalSection(SolutionProperties) = preSolution
		HideSolutionNode = FALSE
	EndGlobalSection
	GlobalSection(ExtensibilityGlobals) = postSolution
		SolutionGuid = {BAEF8C0F-5342-4CB6-90AD-7C47997065F0}
	EndGlobalSection
EndGlobal
